// !$*UTF8*$!
{
	archiveVersion = 1;
	classes = {
	};
	objectVersion = 77;
	objects = {

/* Begin PBXBuildFile section */
		0AF99256841A8EF0A88E06A7 /* PteIMUIDemoViewController.swift in Sources */ = {isa = PBXBuildFile; fileRef = E4BC4D11FA9238A9CAAB7DE1 /* PteIMUIDemoViewController.swift */; };
		2B855ED0BDC3FB400419C024 /* PteIMUIDemoAppDelegate.swift in Sources */ = {isa = PBXBuildFile; fileRef = 99D3154FCC6EA3664CD865F0 /* PteIMUIDemoAppDelegate.swift */; };
		49D59A739CA291A72DB19A8D /* PteIMUIKit in Frameworks */ = {isa = PBXBuildFile; productRef = 6CF5D4253DD19666EE378A4F /* PteIMUIKit */; };
		5F49ABB73B3293C0BFEF33CE /* PteLiveIM in Frameworks */ = {isa = PBXBuildFile; productRef = 7403C88942FFC8D05C1A7E8F /* PteLiveIM */; };
/* End PBXBuildFile section */

/* Begin PBXFileReference section */
		5580CEB39F0D69197246ED5E /* PteIMUIKit */ = {isa = PBXFileReference; lastKnownFileType = folder; name = PteIMUIKit; path = ../PteIMUIKit; sourceTree = SOURCE_ROOT; };
		99D3154FCC6EA3664CD865F0 /* PteIMUIDemoAppDelegate.swift */ = {isa = PBXFileReference; lastKnownFileType = sourcecode.swift; path = PteIMUIDemoAppDelegate.swift; sourceTree = "<group>"; };
		B7F6A876C07F1C2A1F8A38AD /* PteLiveIMDemo.app */ = {isa = PBXFileReference; includeInIndex = 0; lastKnownFileType = wrapper.application; path = PteLiveIMDemo.app; sourceTree = BUILT_PRODUCTS_DIR; };
		E4BC4D11FA9238A9CAAB7DE1 /* PteIMUIDemoViewController.swift */ = {isa = PBXFileReference; lastKnownFileType = sourcecode.swift; path = PteIMUIDemoViewController.swift; sourceTree = "<group>"; };
		EC54D7F306D3E9EB3D207AED /* PteLiveIM */ = {isa = PBXFileReference; lastKnownFileType = folder; name = PteLiveIM; path = ../PteLiveIM; sourceTree = SOURCE_ROOT; };
/* End PBXFileReference section */

/* Begin PBXFrameworksBuildPhase section */
		5C4F28B2D3D4C5EAF6410AF5 /* Frameworks */ = {
			isa = PBXFrameworksBuildPhase;
			buildActionMask = 2147483647;
			files = (
				5F49ABB73B3293C0BFEF33CE /* PteLiveIM in Frameworks */,
				49D59A739CA291A72DB19A8D /* PteIMUIKit in Frameworks */,
			);
			runOnlyForDeploymentPostprocessing = 0;
		};
/* End PBXFrameworksBuildPhase section */

/* Begin PBXGroup section */
		04624CD9BC79252FF29EB8B4 /* PteLiveIMDemo */ = {
			isa = PBXGroup;
			children = (
				99D3154FCC6EA3664CD865F0 /* PteIMUIDemoAppDelegate.swift */,
				E4BC4D11FA9238A9CAAB7DE1 /* PteIMUIDemoViewController.swift */,
			);
			path = PteLiveIMDemo;
			sourceTree = "<group>";
		};
		1FA07EA2B4553BD831782E74 /* Products */ = {
			isa = PBXGroup;
			children = (
				B7F6A876C07F1C2A1F8A38AD /* PteLiveIMDemo.app */,
			);
			name = Products;
			sourceTree = "<group>";
		};
		4FB804D47704EBEA32B6119A /* Packages */ = {
			isa = PBXGroup;
			children = (
				5580CEB39F0D69197246ED5E /* PteIMUIKit */,
				EC54D7F306D3E9EB3D207AED /* PteLiveIM */,
			);
			name = Packages;
			sourceTree = "<group>";
		};
		9DE59266DBD39A6754F64506 = {
			isa = PBXGroup;
			children = (
				4FB804D47704EBEA32B6119A /* Packages */,
				04624CD9BC79252FF29EB8B4 /* PteLiveIMDemo */,
				1FA07EA2B4553BD831782E74 /* Products */,
			);
			sourceTree = "<group>";
		};
/* End PBXGroup section */

/* Begin PBXNativeTarget section */
		530851A52C67777B4EFCF332 /* PteLiveIMDemo */ = {
			isa = PBXNativeTarget;
			buildConfigurationList = 10907BF85BF384177C73806F /* Build configuration list for PBXNativeTarget "PteLiveIMDemo" */;
			buildPhases = (
				1F5B18D6918D2C3A823F1B4B /* Sources */,
				5C4F28B2D3D4C5EAF6410AF5 /* Frameworks */,
			);
			buildRules = (
			);
			dependencies = (
			);
			name = PteLiveIMDemo;
			packageProductDependencies = (
				7403C88942FFC8D05C1A7E8F /* PteLiveIM */,
				6CF5D4253DD19666EE378A4F /* PteIMUIKit */,
			);
			productName = PteLiveIMDemo;
			productReference = B7F6A876C07F1C2A1F8A38AD /* PteLiveIMDemo.app */;
			productType = "com.apple.product-type.application";
		};
/* End PBXNativeTarget section */

/* Begin PBXProject section */
		F427B60B7962914C308CDE1B /* Project object */ = {
			isa = PBXProject;
			attributes = {
				BuildIndependentTargetsInParallel = YES;
				LastUpgradeCheck = 1430;
				TargetAttributes = {
				};
			};
			buildConfigurationList = 893E0F909EEECD80D626EA1D /* Build configuration list for PBXProject "PteLiveIMDemo" */;
			developmentRegion = en;
			hasScannedForEncodings = 0;
			knownRegions = (
				Base,
				en,
			);
			mainGroup = 9DE59266DBD39A6754F64506;
			minimizedProjectReferenceProxies = 1;
			packageReferences = (
				813A466C47034E4F6E90DF0E /* XCLocalSwiftPackageReference "../PteIMUIKit" */,
				8657A26254CA73AB6A85B161 /* XCLocalSwiftPackageReference "../PteLiveIM" */,
			);
			preferredProjectObjectVersion = 77;
			productRefGroup = 1FA07EA2B4553BD831782E74 /* Products */;
			projectDirPath = "";
			projectRoot = "";
			targets = (
				530851A52C67777B4EFCF332 /* PteLiveIMDemo */,
			);
		};
/* End PBXProject section */

/* Begin PBXSourcesBuildPhase section */
		1F5B18D6918D2C3A823F1B4B /* Sources */ = {
			isa = PBXSourcesBuildPhase;
			buildActionMask = 2147483647;
			files = (
				2B855ED0BDC3FB400419C024 /* PteIMUIDemoAppDelegate.swift in Sources */,
				0AF99256841A8EF0A88E06A7 /* PteIMUIDemoViewController.swift in Sources */,
			);
			runOnlyForDeploymentPostprocessing = 0;
		};
/* End PBXSourcesBuildPhase section */

/* Begin XCBuildConfiguration section */
		8012B972F0D7AF7CADF7735A /* Release */ = {
			isa = XCBuildConfiguration;
			buildSettings = {
				ASSETCATALOG_COMPILER_APPICON_NAME = AppIcon;
				CODE_SIGN_IDENTITY = "iPhone Developer";
				GENERATE_INFOPLIST_FILE = YES;
				LD_RUNPATH_SEARCH_PATHS = (
					"$(inherited)",
					"@executable_path/Frameworks",
				);
				PRODUCT_BUNDLE_IDENTIFIER = com.ptelive.im.demo;
				SDKROOT = iphoneos;
				SWIFT_VERSION = 5.9;
				TARGETED_DEVICE_FAMILY = "1,2";
			};
			name = Release;
		};
		A1312F7BDA15E151ADC8BA9E /* Debug */ = {
			isa = XCBuildConfiguration;
			buildSettings = {
				ALWAYS_SEARCH_USER_PATHS = NO;
				CLANG_ANALYZER_NONNULL = YES;
				CLANG_ANALYZER_NUMBER_OBJECT_CONVERSION = YES_AGGRESSIVE;
				CLANG_CXX_LANGUAGE_STANDARD = "gnu++14";
				CLANG_CXX_LIBRARY = "libc++";
				CLANG_ENABLE_MODULES = YES;
				CLANG_ENABLE_OBJC_ARC = YES;
				CLANG_ENABLE_OBJC_WEAK = YES;
				CLANG_WARN_BLOCK_CAPTURE_AUTORELEASING = YES;
				CLANG_WARN_BOOL_CONVERSION = YES;
				CLANG_WARN_COMMA = YES;
				CLANG_WARN_CONSTANT_CONVERSION = YES;
				CLANG_WARN_DEPRECATED_OBJC_IMPLEMENTATIONS = YES;
				CLANG_WARN_DIRECT_OBJC_ISA_USAGE = YES_ERROR;
				CLANG_WARN_DOCUMENTATION_COMMENTS = YES;
				CLANG_WARN_EMPTY_BODY = YES;
				CLANG_WARN_ENUM_CONVERSION = YES;
				CLANG_WARN_INFINITE_RECURSION = YES;
				CLANG_WARN_INT_CONVERSION = YES;
				CLANG_WARN_NON_LITERAL_NULL_CONVERSION = YES;
				CLANG_WARN_OBJC_IMPLICIT_RETAIN_SELF = YES;
				CLANG_WARN_OBJC_LITERAL_CONVERSION = YES;
				CLANG_WARN_OBJC_ROOT_CLASS = YES_ERROR;
				CLANG_WARN_QUOTED_INCLUDE_IN_FRAMEWORK_HEADER = YES;
				CLANG_WARN_RANGE_LOOP_ANALYSIS = YES;
				CLANG_WARN_STRICT_PROTOTYPES = YES;
				CLANG_WARN_SUSPICIOUS_MOVE = YES;
				CLANG_WARN_UNGUARDED_AVAILABILITY = YES_AGGRESSIVE;
				CLANG_WARN_UNREACHABLE_CODE = YES;
				CLANG_WARN__DUPLICATE_METHOD_MATCH = YES;
				COPY_PHASE_STRIP = NO;
				DEBUG_INFORMATION_FORMAT = dwarf;
				ENABLE_STRICT_OBJC_MSGSEND = YES;
				ENABLE_TESTABILITY = YES;
				GCC_C_LANGUAGE_STANDARD = gnu11;
				GCC_DYNAMIC_NO_PIC = NO;
				GCC_NO_COMMON_BLOCKS = YES;
				GCC_OPTIMIZATION_LEVEL = 0;
				GCC_PREPROCESSOR_DEFINITIONS = (
					"$(inherited)",
					"DEBUG=1",
				);
				GCC_WARN_64_TO_32_BIT_CONVERSION = YES;
				GCC_WARN_ABOUT_RETURN_TYPE = YES_ERROR;
				GCC_WARN_UNDECLARED_SELECTOR = YES;
				GCC_WARN_UNINITIALIZED_AUTOS = YES_AGGRESSIVE;
				GCC_WARN_UNUSED_FUNCTION = YES;
				GCC_WARN_UNUSED_VARIABLE = YES;
				IPHONEOS_DEPLOYMENT_TARGET = 16.0;
				MTL_ENABLE_DEBUG_INFO = INCLUDE_SOURCE;
				MTL_FAST_MATH = YES;
				ONLY_ACTIVE_ARCH = YES;
				PRODUCT_NAME = "$(TARGET_NAME)";
				SDKROOT = iphoneos;
				SWIFT_ACTIVE_COMPILATION_CONDITIONS = DEBUG;
				SWIFT_OPTIMIZATION_LEVEL = "-Onone";
				SWIFT_VERSION = 5.0;
			};
			name = Debug;
		};
		D9DD9DC08AF395F341DF7992 /* Release */ = {
			isa = XCBuildConfiguration;
			buildSettings = {
				ALWAYS_SEARCH_USER_PATHS = NO;
				CLANG_ANALYZER_NONNULL = YES;
				CLANG_ANALYZER_NUMBER_OBJECT_CONVERSION = YES_AGGRESSIVE;
				CLANG_CXX_LANGUAGE_STANDARD = "gnu++14";
				CLANG_CXX_LIBRARY = "libc++";
				CLANG_ENABLE_MODULES = YES;
				CLANG_ENABLE_OBJC_ARC = YES;
				CLANG_ENABLE_OBJC_WEAK = YES;
				CLANG_WARN_BLOCK_CAPTURE_AUTORELEASING = YES;
				CLANG_WARN_BOOL_CONVERSION = YES;
				CLANG_WARN_COMMA = YES;
				CLANG_WARN_CONSTANT_CONVERSION = YES;
				CLANG_WARN_DEPRECATED_OBJC_IMPLEMENTATIONS = YES;
				CLANG_WARN_DIRECT_OBJC_ISA_USAGE = YES_ERROR;
				CLANG_WARN_DOCUMENTATION_COMMENTS = YES;
				CLANG_WARN_EMPTY_BODY = YES;
				CLANG_WARN_ENUM_CONVERSION = YES;
				CLANG_WARN_INFINITE_RECURSION = YES;
				CLANG_WARN_INT_CONVERSION = YES;
				CLANG_WARN_NON_LITERAL_NULL_CONVERSION = YES;
				CLANG_WARN_OBJC_IMPLICIT_RETAIN_SELF = YES;
				CLANG_WARN_OBJC_LITERAL_CONVERSION = YES;
				CLANG_WARN_OBJC_ROOT_CLASS = YES_ERROR;
				CLANG_WARN_QUOTED_INCLUDE_IN_FRAMEWORK_HEADER = YES;
				CLANG_WARN_RANGE_LOOP_ANALYSIS = YES;
				CLANG_WARN_STRICT_PROTOTYPES = YES;
				CLANG_WARN_SUSPICIOUS_MOVE = YES;
				CLANG_WARN_UNGUARDED_AVAILABILITY = YES_AGGRESSIVE;
				CLANG_WARN_UNREACHABLE_CODE = YES;
				CLANG_WARN__DUPLICATE_METHOD_MATCH = YES;
				COPY_PHASE_STRIP = NO;
				DEBUG_INFORMATION_FORMAT = "dwarf-with-dsym";
				ENABLE_NS_ASSERTIONS = NO;
				ENABLE_STRICT_OBJC_MSGSEND = YES;
				GCC_C_LANGUAGE_STANDARD = gnu11;
				GCC_NO_COMMON_BLOCKS = YES;
				GCC_WARN_64_TO_32_BIT_CONVERSION = YES;
				GCC_WARN_ABOUT_RETURN_TYPE = YES_ERROR;
				GCC_WARN_UNDECLARED_SELECTOR = YES;
				GCC_WARN_UNINITIALIZED_AUTOS = YES_AGGRESSIVE;
				GCC_WARN_UNUSED_FUNCTION = YES;
				GCC_WARN_UNUSED_VARIABLE = YES;
				IPHONEOS_DEPLOYMENT_TARGET = 16.0;
				MTL_ENABLE_DEBUG_INFO = NO;
				MTL_FAST_MATH = YES;
				PRODUCT_NAME = "$(TARGET_NAME)";
				SDKROOT = iphoneos;
				SWIFT_COMPILATION_MODE = wholemodule;
				SWIFT_OPTIMIZATION_LEVEL = "-O";
				SWIFT_VERSION = 5.0;
			};
			name = Release;
		};
		EC582BDA902A3D0E666CBD45 /* Debug */ = {
			isa = XCBuildConfiguration;
			buildSettings = {
				ASSETCATALOG_COMPILER_APPICON_NAME = AppIcon;
				CODE_SIGN_IDENTITY = "iPhone Developer";
				GENERATE_INFOPLIST_FILE = YES;
				LD_RUNPATH_SEARCH_PATHS = (
					"$(inherited)",
					"@executable_path/Frameworks",
				);
				PRODUCT_BUNDLE_IDENTIFIER = com.ptelive.im.demo;
				SDKROOT = iphoneos;
				SWIFT_VERSION = 5.9;
				TARGETED_DEVICE_FAMILY = "1,2";
			};
			name = Debug;
		};
/* End XCBuildConfiguration section */

/* Begin XCConfigurationList section */
		10907BF85BF384177C73806F /* Build configuration list for PBXNativeTarget "PteLiveIMDemo" */ = {
			isa = XCConfigurationList;
			buildConfigurations = (
				EC582BDA902A3D0E666CBD45 /* Debug */,
				8012B972F0D7AF7CADF7735A /* Release */,
			);
			defaultConfigurationIsVisible = 0;
			defaultConfigurationName = Debug;
		};
		893E0F909EEECD80D626EA1D /* Build configuration list for PBXProject "PteLiveIMDemo" */ = {
			isa = XCConfigurationList;
			buildConfigurations = (
				A1312F7BDA15E151ADC8BA9E /* Debug */,
				D9DD9DC08AF395F341DF7992 /* Release */,
			);
			defaultConfigurationIsVisible = 0;
			defaultConfigurationName = Debug;
		};
/* End XCConfigurationList section */

/* Begin XCLocalSwiftPackageReference section */
		813A466C47034E4F6E90DF0E /* XCLocalSwiftPackageReference "../PteIMUIKit" */ = {
			isa = XCLocalSwiftPackageReference;
			relativePath = ../PteIMUIKit;
		};
		8657A26254CA73AB6A85B161 /* XCLocalSwiftPackageReference "../PteLiveIM" */ = {
			isa = XCLocalSwiftPackageReference;
			relativePath = ../PteLiveIM;
		};
/* End XCLocalSwiftPackageReference section */

/* Begin XCSwiftPackageProductDependency section */
		6CF5D4253DD19666EE378A4F /* PteIMUIKit */ = {
			isa = XCSwiftPackageProductDependency;
			productName = PteIMUIKit;
		};
		7403C88942FFC8D05C1A7E8F /* PteLiveIM */ = {
			isa = XCSwiftPackageProductDependency;
			productName = PteLiveIM;
		};
/* End XCSwiftPackageProductDependency section */
	};
	rootObject = F427B60B7962914C308CDE1B /* Project object */;
}
