// !$*UTF8*$!
{
	archiveVersion = 1;
	classes = {
	};
	objectVersion = 77;
	objects = {

/* Begin PBXBuildFile section */
		0E2D558D1EE4CE713679E38B /* PteIMUILogo@2x.png in Resources */ = {isa = PBXBuildFile; fileRef = ADAEBCADBA5A405FEA3F66AA /* PteIMUILogo@2x.png */; };
		1349FC69EBCB2996619E74E6 /* PteIMUILogo.png in Resources */ = {isa = PBXBuildFile; fileRef = BFAE79E0941BBDDE7E712754 /* PteIMUILogo.png */; };
		29DDC39BC620393FC0F50701 /* PteIMSDK in Frameworks */ = {isa = PBXBuildFile; productRef = 758FD234B46D2F5676A5D077 /* PteIMSDK */; };
		3D37E50BF15004FF4B9E549C /* PteIMUILaunchBackground.png in Resources */ = {isa = PBXBuildFile; fileRef = 656D4E77EB64F7CB312F45EC /* PteIMUILaunchBackground.png */; };
		768AA81C21F96D8C8AC1747A /* PteIMUILaunchScreen.storyboard in Resources */ = {isa = PBXBuildFile; fileRef = 3EC3D71912F1BF4433DFDEF8 /* PteIMUILaunchScreen.storyboard */; };
		7CB98B0A7F413F80EA486E95 /* PteIMUILogo@3x.png in Resources */ = {isa = PBXBuildFile; fileRef = 0775C2F8C6A0411F32304BD5 /* PteIMUILogo@3x.png */; };
		89D79E1C8301A65228B19C13 /* PteIMUIDemoViewController.swift in Sources */ = {isa = PBXBuildFile; fileRef = 3E51469F58E7162EF0F96A66 /* PteIMUIDemoViewController.swift */; };
		972C9DFBBB82FC421C2D9427 /* PteIMUIDemoAppDelegate.swift in Sources */ = {isa = PBXBuildFile; fileRef = 36F05CBE6499DC7122679FCE /* PteIMUIDemoAppDelegate.swift */; };
		C7AA0442926AA70B8FD7D9CD /* PteIMUILaunchMark.png in Resources */ = {isa = PBXBuildFile; fileRef = B3E3E6F4382118B1B4631982 /* PteIMUILaunchMark.png */; };
		FF7090DFC4EB7EC65F7A2042 /* PteIMUIDemoHomeTabsController.swift in Sources */ = {isa = PBXBuildFile; fileRef = B096E40678A9A2FC887DD325 /* PteIMUIDemoHomeTabsController.swift */; };
		A1D7E98F1B4C5D6E7F8090A1 /* PteIMUIDemoMeViewController.swift in Sources */ = {isa = PBXBuildFile; fileRef = A1D7E98F1B4C5D6E7F8090A2 /* PteIMUIDemoMeViewController.swift */; };
		FF94628F820E023EC4935D1A /* PteIMUIKit in Frameworks */ = {isa = PBXBuildFile; productRef = AD7ABEDB728809768AEC0EA5 /* PteIMUIKit */; };
/* End PBXBuildFile section */

/* Begin PBXFileReference section */
		0775C2F8C6A0411F32304BD5 /* PteIMUILogo@3x.png */ = {isa = PBXFileReference; lastKnownFileType = image.png; path = "PteIMUILogo@3x.png"; sourceTree = "<group>"; };
		36F05CBE6499DC7122679FCE /* PteIMUIDemoAppDelegate.swift */ = {isa = PBXFileReference; lastKnownFileType = sourcecode.swift; path = PteIMUIDemoAppDelegate.swift; sourceTree = "<group>"; };
		3E51469F58E7162EF0F96A66 /* PteIMUIDemoViewController.swift */ = {isa = PBXFileReference; lastKnownFileType = sourcecode.swift; path = PteIMUIDemoViewController.swift; sourceTree = "<group>"; };
		3EC3D71912F1BF4433DFDEF8 /* PteIMUILaunchScreen.storyboard */ = {isa = PBXFileReference; lastKnownFileType = file.storyboard; path = PteIMUILaunchScreen.storyboard; sourceTree = "<group>"; };
		4EC58AA649AE46E6E6F8EEF1 /* PteIMSDK */ = {isa = PBXFileReference; lastKnownFileType = folder; name = PteIMSDK; path = ../PteIMSDK; sourceTree = SOURCE_ROOT; };
		656D4E77EB64F7CB312F45EC /* PteIMUILaunchBackground.png */ = {isa = PBXFileReference; lastKnownFileType = image.png; path = PteIMUILaunchBackground.png; sourceTree = "<group>"; };
		677C2BA61B20CAD3898358AA /* PteIMUIDemo.app */ = {isa = PBXFileReference; includeInIndex = 0; lastKnownFileType = wrapper.application; path = PteIMUIDemo.app; sourceTree = BUILT_PRODUCTS_DIR; };
		ADAEBCADBA5A405FEA3F66AA /* PteIMUILogo@2x.png */ = {isa = PBXFileReference; lastKnownFileType = image.png; path = "PteIMUILogo@2x.png"; sourceTree = "<group>"; };
		B096E40678A9A2FC887DD325 /* PteIMUIDemoHomeTabsController.swift */ = {isa = PBXFileReference; lastKnownFileType = sourcecode.swift; path = PteIMUIDemoHomeTabsController.swift; sourceTree = "<group>"; };
		A1D7E98F1B4C5D6E7F8090A2 /* PteIMUIDemoMeViewController.swift */ = {isa = PBXFileReference; lastKnownFileType = sourcecode.swift; path = PteIMUIDemoMeViewController.swift; sourceTree = "<group>"; };
		B3E3E6F4382118B1B4631982 /* PteIMUILaunchMark.png */ = {isa = PBXFileReference; lastKnownFileType = image.png; path = PteIMUILaunchMark.png; sourceTree = "<group>"; };
		BFAE79E0941BBDDE7E712754 /* PteIMUILogo.png */ = {isa = PBXFileReference; lastKnownFileType = image.png; path = PteIMUILogo.png; sourceTree = "<group>"; };
		DB0CF526BA749A1DBCC095AF /* PteIMUIKit */ = {isa = PBXFileReference; lastKnownFileType = folder; name = PteIMUIKit; path = ../PteIMUIKit; sourceTree = SOURCE_ROOT; };
		E7A42D4B3F84D4B91C3A001 /* Info.plist */ = {isa = PBXFileReference; lastKnownFileType = text.plist.xml; path = Info.plist; sourceTree = "<group>"; };
/* End PBXFileReference section */

/* Begin PBXFrameworksBuildPhase section */
		E99C69F1BC7235E3387E0652 /* Frameworks */ = {
			isa = PBXFrameworksBuildPhase;
			buildActionMask = 2147483647;
			files = (
				29DDC39BC620393FC0F50701 /* PteIMSDK in Frameworks */,
				FF94628F820E023EC4935D1A /* PteIMUIKit in Frameworks */,
			);
			runOnlyForDeploymentPostprocessing = 0;
		};
/* End PBXFrameworksBuildPhase section */

/* Begin PBXGroup section */
		2C1390B4E11DCDACACD6E5F4 /* PteIMUIDemo */ = {
			isa = PBXGroup;
			children = (
				E7A42D4B3F84D4B91C3A001 /* Info.plist */,
				36F05CBE6499DC7122679FCE /* PteIMUIDemoAppDelegate.swift */,
				B096E40678A9A2FC887DD325 /* PteIMUIDemoHomeTabsController.swift */,
				A1D7E98F1B4C5D6E7F8090A2 /* PteIMUIDemoMeViewController.swift */,
				3E51469F58E7162EF0F96A66 /* PteIMUIDemoViewController.swift */,
				C591A0AA7B6D0C6859701810 /* Resources */,
			);
			path = PteIMUIDemo;
			sourceTree = "<group>";
		};
		88B6FD8FF0A045976E87C61C /* Products */ = {
			isa = PBXGroup;
			children = (
				677C2BA61B20CAD3898358AA /* PteIMUIDemo.app */,
			);
			name = Products;
			sourceTree = "<group>";
		};
		B332622D6093E9B2ED36E44E = {
			isa = PBXGroup;
			children = (
				CB2B7B3C9989615CEC00756C /* Packages */,
				2C1390B4E11DCDACACD6E5F4 /* PteIMUIDemo */,
				88B6FD8FF0A045976E87C61C /* Products */,
			);
			sourceTree = "<group>";
		};
		C591A0AA7B6D0C6859701810 /* Resources */ = {
			isa = PBXGroup;
			children = (
				656D4E77EB64F7CB312F45EC /* PteIMUILaunchBackground.png */,
				B3E3E6F4382118B1B4631982 /* PteIMUILaunchMark.png */,
				3EC3D71912F1BF4433DFDEF8 /* PteIMUILaunchScreen.storyboard */,
				BFAE79E0941BBDDE7E712754 /* PteIMUILogo.png */,
				ADAEBCADBA5A405FEA3F66AA /* PteIMUILogo@2x.png */,
				0775C2F8C6A0411F32304BD5 /* PteIMUILogo@3x.png */,
			);
			path = Resources;
			sourceTree = "<group>";
		};
		CB2B7B3C9989615CEC00756C /* Packages */ = {
			isa = PBXGroup;
			children = (
				4EC58AA649AE46E6E6F8EEF1 /* PteIMSDK */,
				DB0CF526BA749A1DBCC095AF /* PteIMUIKit */,
			);
			name = Packages;
			sourceTree = "<group>";
		};
/* End PBXGroup section */

/* Begin PBXNativeTarget section */
		D7FB18CF470FECA0B66CA0C7 /* PteIMUIDemo */ = {
			isa = PBXNativeTarget;
			buildConfigurationList = 5DCD9F058A73263490675AA7 /* Build configuration list for PBXNativeTarget "PteIMUIDemo" */;
			buildPhases = (
				67A448C9001C0443849BF5CB /* Sources */,
				D2AE43E31036C31B541158D2 /* Resources */,
				E99C69F1BC7235E3387E0652 /* Frameworks */,
			);
			buildRules = (
			);
			dependencies = (
			);
			name = PteIMUIDemo;
			packageProductDependencies = (
				758FD234B46D2F5676A5D077 /* PteIMSDK */,
				AD7ABEDB728809768AEC0EA5 /* PteIMUIKit */,
			);
			productName = PteIMUIDemo;
			productReference = 677C2BA61B20CAD3898358AA /* PteIMUIDemo.app */;
			productType = "com.apple.product-type.application";
		};
/* End PBXNativeTarget section */

/* Begin PBXProject section */
		50295013586C886F3C6A3A97 /* Project object */ = {
			isa = PBXProject;
			attributes = {
				BuildIndependentTargetsInParallel = YES;
				LastUpgradeCheck = 1430;
				TargetAttributes = {
				};
			};
			buildConfigurationList = 78D9E92CB6D40D11548C4184 /* Build configuration list for PBXProject "PteIMUIDemo" */;
			developmentRegion = en;
			hasScannedForEncodings = 0;
			knownRegions = (
				Base,
				en,
			);
			mainGroup = B332622D6093E9B2ED36E44E;
			minimizedProjectReferenceProxies = 1;
			packageReferences = (
				027FF5C69025C0E8FE98D15A /* XCLocalSwiftPackageReference "../PteIMSDK" */,
				B0BB6A3328156689E69C0A06 /* XCLocalSwiftPackageReference "../PteIMUIKit" */,
			);
			preferredProjectObjectVersion = 77;
			productRefGroup = 88B6FD8FF0A045976E87C61C /* Products */;
			projectDirPath = "";
			projectRoot = "";
			targets = (
				D7FB18CF470FECA0B66CA0C7 /* PteIMUIDemo */,
			);
		};
/* End PBXProject section */

/* Begin PBXResourcesBuildPhase section */
		D2AE43E31036C31B541158D2 /* Resources */ = {
			isa = PBXResourcesBuildPhase;
			buildActionMask = 2147483647;
			files = (
				3D37E50BF15004FF4B9E549C /* PteIMUILaunchBackground.png in Resources */,
				C7AA0442926AA70B8FD7D9CD /* PteIMUILaunchMark.png in Resources */,
				768AA81C21F96D8C8AC1747A /* PteIMUILaunchScreen.storyboard in Resources */,
				1349FC69EBCB2996619E74E6 /* PteIMUILogo.png in Resources */,
				0E2D558D1EE4CE713679E38B /* PteIMUILogo@2x.png in Resources */,
				7CB98B0A7F413F80EA486E95 /* PteIMUILogo@3x.png in Resources */,
			);
			runOnlyForDeploymentPostprocessing = 0;
		};
/* End PBXResourcesBuildPhase section */

/* Begin PBXSourcesBuildPhase section */
		67A448C9001C0443849BF5CB /* Sources */ = {
			isa = PBXSourcesBuildPhase;
			buildActionMask = 2147483647;
			files = (
				972C9DFBBB82FC421C2D9427 /* PteIMUIDemoAppDelegate.swift in Sources */,
				FF7090DFC4EB7EC65F7A2042 /* PteIMUIDemoHomeTabsController.swift in Sources */,
				A1D7E98F1B4C5D6E7F8090A1 /* PteIMUIDemoMeViewController.swift in Sources */,
				89D79E1C8301A65228B19C13 /* PteIMUIDemoViewController.swift in Sources */,
			);
			runOnlyForDeploymentPostprocessing = 0;
		};
/* End PBXSourcesBuildPhase section */

/* Begin XCBuildConfiguration section */
		18F54FA5A2E4C83FB69ABFF3 /* Release */ = {
			isa = XCBuildConfiguration;
			buildSettings = {
				ALWAYS_SEARCH_USER_PATHS = NO;
				CLANG_ANALYZER_NONNULL = YES;
				CLANG_ANALYZER_NUMBER_OBJECT_CONVERSION = YES_AGGRESSIVE;
				CLANG_CXX_LANGUAGE_STANDARD = "gnu++14";
				CLANG_CXX_LIBRARY = "libc++";
				CLANG_ENABLE_MODULES = YES;
				CLANG_ENABLE_OBJC_ARC = YES;
				CLANG_ENABLE_OBJC_WEAK = YES;
				CLANG_WARN_BLOCK_CAPTURE_AUTORELEASING = YES;
				CLANG_WARN_BOOL_CONVERSION = YES;
				CLANG_WARN_COMMA = YES;
				CLANG_WARN_CONSTANT_CONVERSION = YES;
				CLANG_WARN_DEPRECATED_OBJC_IMPLEMENTATIONS = YES;
				CLANG_WARN_DIRECT_OBJC_ISA_USAGE = YES_ERROR;
				CLANG_WARN_DOCUMENTATION_COMMENTS = YES;
				CLANG_WARN_EMPTY_BODY = YES;
				CLANG_WARN_ENUM_CONVERSION = YES;
				CLANG_WARN_INFINITE_RECURSION = YES;
				CLANG_WARN_INT_CONVERSION = YES;
				CLANG_WARN_NON_LITERAL_NULL_CONVERSION = YES;
				CLANG_WARN_OBJC_IMPLICIT_RETAIN_SELF = YES;
				CLANG_WARN_OBJC_LITERAL_CONVERSION = YES;
				CLANG_WARN_OBJC_ROOT_CLASS = YES_ERROR;
				CLANG_WARN_QUOTED_INCLUDE_IN_FRAMEWORK_HEADER = YES;
				CLANG_WARN_RANGE_LOOP_ANALYSIS = YES;
				CLANG_WARN_STRICT_PROTOTYPES = YES;
				CLANG_WARN_SUSPICIOUS_MOVE = YES;
				CLANG_WARN_UNGUARDED_AVAILABILITY = YES_AGGRESSIVE;
				CLANG_WARN_UNREACHABLE_CODE = YES;
				CLANG_WARN__DUPLICATE_METHOD_MATCH = YES;
				COPY_PHASE_STRIP = NO;
				DEBUG_INFORMATION_FORMAT = "dwarf-with-dsym";
				ENABLE_NS_ASSERTIONS = NO;
				ENABLE_STRICT_OBJC_MSGSEND = YES;
				GCC_C_LANGUAGE_STANDARD = gnu11;
				GCC_NO_COMMON_BLOCKS = YES;
				GCC_WARN_64_TO_32_BIT_CONVERSION = YES;
				GCC_WARN_ABOUT_RETURN_TYPE = YES_ERROR;
				GCC_WARN_UNDECLARED_SELECTOR = YES;
				GCC_WARN_UNINITIALIZED_AUTOS = YES_AGGRESSIVE;
				GCC_WARN_UNUSED_FUNCTION = YES;
				GCC_WARN_UNUSED_VARIABLE = YES;
				IPHONEOS_DEPLOYMENT_TARGET = 16.0;
				MTL_ENABLE_DEBUG_INFO = NO;
				MTL_FAST_MATH = YES;
				PRODUCT_NAME = "$(TARGET_NAME)";
				SDKROOT = iphoneos;
				SWIFT_COMPILATION_MODE = wholemodule;
				SWIFT_OPTIMIZATION_LEVEL = "-O";
				SWIFT_VERSION = 5.0;
			};
			name = Release;
		};
		67A68177C5BEB602A68D139F /* Debug */ = {
			isa = XCBuildConfiguration;
			buildSettings = {
				ASSETCATALOG_COMPILER_APPICON_NAME = AppIcon;
				CODE_SIGN_IDENTITY = "iPhone Developer";
				GENERATE_INFOPLIST_FILE = NO;
				INFOPLIST_FILE = PteIMUIDemo/Info.plist;
				LD_RUNPATH_SEARCH_PATHS = (
					"$(inherited)",
					"@executable_path/Frameworks",
				);
				PRODUCT_BUNDLE_IDENTIFIER = com.ptelive.app.im.sdk.demo;
				SDKROOT = iphoneos;
				SWIFT_VERSION = 6.0;
				TARGETED_DEVICE_FAMILY = "1,2";
			};
			name = Debug;
		};
		A02B2CA168F5A5529B16EE9A /* Release */ = {
			isa = XCBuildConfiguration;
			buildSettings = {
				ASSETCATALOG_COMPILER_APPICON_NAME = AppIcon;
				CODE_SIGN_IDENTITY = "iPhone Developer";
				GENERATE_INFOPLIST_FILE = NO;
				INFOPLIST_FILE = PteIMUIDemo/Info.plist;
				LD_RUNPATH_SEARCH_PATHS = (
					"$(inherited)",
					"@executable_path/Frameworks",
				);
				PRODUCT_BUNDLE_IDENTIFIER = com.ptelive.app.im.sdk.demo;
				SDKROOT = iphoneos;
				SWIFT_VERSION = 6.0;
				TARGETED_DEVICE_FAMILY = "1,2";
			};
			name = Release;
		};
		C5D8958E6506E60756D9C230 /* Debug */ = {
			isa = XCBuildConfiguration;
			buildSettings = {
				ALWAYS_SEARCH_USER_PATHS = NO;
				CLANG_ANALYZER_NONNULL = YES;
				CLANG_ANALYZER_NUMBER_OBJECT_CONVERSION = YES_AGGRESSIVE;
				CLANG_CXX_LANGUAGE_STANDARD = "gnu++14";
				CLANG_CXX_LIBRARY = "libc++";
				CLANG_ENABLE_MODULES = YES;
				CLANG_ENABLE_OBJC_ARC = YES;
				CLANG_ENABLE_OBJC_WEAK = YES;
				CLANG_WARN_BLOCK_CAPTURE_AUTORELEASING = YES;
				CLANG_WARN_BOOL_CONVERSION = YES;
				CLANG_WARN_COMMA = YES;
				CLANG_WARN_CONSTANT_CONVERSION = YES;
				CLANG_WARN_DEPRECATED_OBJC_IMPLEMENTATIONS = YES;
				CLANG_WARN_DIRECT_OBJC_ISA_USAGE = YES_ERROR;
				CLANG_WARN_DOCUMENTATION_COMMENTS = YES;
				CLANG_WARN_EMPTY_BODY = YES;
				CLANG_WARN_ENUM_CONVERSION = YES;
				CLANG_WARN_INFINITE_RECURSION = YES;
				CLANG_WARN_INT_CONVERSION = YES;
				CLANG_WARN_NON_LITERAL_NULL_CONVERSION = YES;
				CLANG_WARN_OBJC_IMPLICIT_RETAIN_SELF = YES;
				CLANG_WARN_OBJC_LITERAL_CONVERSION = YES;
				CLANG_WARN_OBJC_ROOT_CLASS = YES_ERROR;
				CLANG_WARN_QUOTED_INCLUDE_IN_FRAMEWORK_HEADER = YES;
				CLANG_WARN_RANGE_LOOP_ANALYSIS = YES;
				CLANG_WARN_STRICT_PROTOTYPES = YES;
				CLANG_WARN_SUSPICIOUS_MOVE = YES;
				CLANG_WARN_UNGUARDED_AVAILABILITY = YES_AGGRESSIVE;
				CLANG_WARN_UNREACHABLE_CODE = YES;
				CLANG_WARN__DUPLICATE_METHOD_MATCH = YES;
				COPY_PHASE_STRIP = NO;
				DEBUG_INFORMATION_FORMAT = dwarf;
				ENABLE_STRICT_OBJC_MSGSEND = YES;
				ENABLE_TESTABILITY = YES;
				GCC_C_LANGUAGE_STANDARD = gnu11;
				GCC_DYNAMIC_NO_PIC = NO;
				GCC_NO_COMMON_BLOCKS = YES;
				GCC_OPTIMIZATION_LEVEL = 0;
				GCC_PREPROCESSOR_DEFINITIONS = (
					"$(inherited)",
					"DEBUG=1",
				);
				GCC_WARN_64_TO_32_BIT_CONVERSION = YES;
				GCC_WARN_ABOUT_RETURN_TYPE = YES_ERROR;
				GCC_WARN_UNDECLARED_SELECTOR = YES;
				GCC_WARN_UNINITIALIZED_AUTOS = YES_AGGRESSIVE;
				GCC_WARN_UNUSED_FUNCTION = YES;
				GCC_WARN_UNUSED_VARIABLE = YES;
				IPHONEOS_DEPLOYMENT_TARGET = 16.0;
				MTL_ENABLE_DEBUG_INFO = INCLUDE_SOURCE;
				MTL_FAST_MATH = YES;
				ONLY_ACTIVE_ARCH = YES;
				PRODUCT_NAME = "$(TARGET_NAME)";
				SDKROOT = iphoneos;
				SWIFT_ACTIVE_COMPILATION_CONDITIONS = DEBUG;
				SWIFT_OPTIMIZATION_LEVEL = "-Onone";
				SWIFT_VERSION = 5.0;
			};
			name = Debug;
		};
/* End XCBuildConfiguration section */

/* Begin XCConfigurationList section */
		5DCD9F058A73263490675AA7 /* Build configuration list for PBXNativeTarget "PteIMUIDemo" */ = {
			isa = XCConfigurationList;
			buildConfigurations = (
				67A68177C5BEB602A68D139F /* Debug */,
				A02B2CA168F5A5529B16EE9A /* Release */,
			);
			defaultConfigurationIsVisible = 0;
			defaultConfigurationName = Debug;
		};
		78D9E92CB6D40D11548C4184 /* Build configuration list for PBXProject "PteIMUIDemo" */ = {
			isa = XCConfigurationList;
			buildConfigurations = (
				C5D8958E6506E60756D9C230 /* Debug */,
				18F54FA5A2E4C83FB69ABFF3 /* Release */,
			);
			defaultConfigurationIsVisible = 0;
			defaultConfigurationName = Debug;
		};
/* End XCConfigurationList section */

/* Begin XCLocalSwiftPackageReference section */
		027FF5C69025C0E8FE98D15A /* XCLocalSwiftPackageReference "../PteIMSDK" */ = {
			isa = XCLocalSwiftPackageReference;
			relativePath = ../PteIMSDK;
		};
		B0BB6A3328156689E69C0A06 /* XCLocalSwiftPackageReference "../PteIMUIKit" */ = {
			isa = XCLocalSwiftPackageReference;
			relativePath = ../PteIMUIKit;
		};
/* End XCLocalSwiftPackageReference section */

/* Begin XCSwiftPackageProductDependency section */
		758FD234B46D2F5676A5D077 /* PteIMSDK */ = {
			isa = XCSwiftPackageProductDependency;
			productName = PteIMSDK;
		};
		AD7ABEDB728809768AEC0EA5 /* PteIMUIKit */ = {
			isa = XCSwiftPackageProductDependency;
			productName = PteIMUIKit;
		};
/* End XCSwiftPackageProductDependency section */
	};
	rootObject = 50295013586C886F3C6A3A97 /* Project object */;
}
